
Microsoft Visual Studio Solution File, Format Version 12.00
# Visual Studio 2013
VisualStudioVersion = 12.0.31101.0
MinimumVisualStudioVersion = 10.0.40219.1
Project("{8BC9CEB8-8B4A-11D0-8D11-00A0C91BC942}") = "SVM_Test", "SVM_Test\SVM_Test.vcxproj", "{A9E74B16-F074-4555-8C70-3E34A61D25FD}"
EndProject
Project("{8BC9CEB8-8B4A-11D0-8D11-00A0C91BC942}") = "SVM_Train", "SVM_Train\SVM_Train.vcxproj", "{94BCAC99-2DD5-45B7-B43E-44CE0F107304}"
EndProject
Project("{8BC9CEB8-8B4A-11D0-8D11-00A0C91BC942}") = "SVM_DETECTOR", "SVM_Detector\SVM_Detector.vcxproj", "{7D834085-7B3D-460D-B7AF-A894CFA8B17B}"
EndProject
Global
	GlobalSection(SolutionConfigurationPlatforms) = preSolution
		Debug|ARM = Debug|ARM
		Debug|Mixed Platforms = Debug|Mixed Platforms
		Debug|Win32 = Debug|Win32
		Debug|x64 = Debug|x64
		Release|ARM = Release|ARM
		Release|Mixed Platforms = Release|Mixed Platforms
		Release|Win32 = Release|Win32
		Release|x64 = Release|x64
	EndGlobalSection
	GlobalSection(ProjectConfigurationPlatforms) = postSolution
		{A9E74B16-F074-4555-8C70-3E34A61D25FD}.Debug|ARM.ActiveCfg = Debug|Win32
		{A9E74B16-F074-4555-8C70-3E34A61D25FD}.Debug|Mixed Platforms.ActiveCfg = Debug|Win32
		{A9E74B16-F074-4555-8C70-3E34A61D25FD}.Debug|Mixed Platforms.Build.0 = Debug|Win32
		{A9E74B16-F074-4555-8C70-3E34A61D25FD}.Debug|Win32.ActiveCfg = Debug|Win32
		{A9E74B16-F074-4555-8C70-3E34A61D25FD}.Debug|Win32.Build.0 = Debug|Win32
		{A9E74B16-F074-4555-8C70-3E34A61D25FD}.Debug|x64.ActiveCfg = Debug|x64
		{A9E74B16-F074-4555-8C70-3E34A61D25FD}.Debug|x64.Build.0 = Debug|x64
		{A9E74B16-F074-4555-8C70-3E34A61D25FD}.Release|ARM.ActiveCfg = Release|Win32
		{A9E74B16-F074-4555-8C70-3E34A61D25FD}.Release|Mixed Platforms.ActiveCfg = Release|Win32
		{A9E74B16-F074-4555-8C70-3E34A61D25FD}.Release|Mixed Platforms.Build.0 = Release|Win32
		{A9E74B16-F074-4555-8C70-3E34A61D25FD}.Release|Win32.ActiveCfg = Release|Win32
		{A9E74B16-F074-4555-8C70-3E34A61D25FD}.Release|Win32.Build.0 = Release|Win32
		{A9E74B16-F074-4555-8C70-3E34A61D25FD}.Release|x64.ActiveCfg = Release|x64
		{A9E74B16-F074-4555-8C70-3E34A61D25FD}.Release|x64.Build.0 = Release|x64
		{94BCAC99-2DD5-45B7-B43E-44CE0F107304}.Debug|ARM.ActiveCfg = Debug|Win32
		{94BCAC99-2DD5-45B7-B43E-44CE0F107304}.Debug|Mixed Platforms.ActiveCfg = Debug|Win32
		{94BCAC99-2DD5-45B7-B43E-44CE0F107304}.Debug|Mixed Platforms.Build.0 = Debug|Win32
		{94BCAC99-2DD5-45B7-B43E-44CE0F107304}.Debug|Win32.ActiveCfg = Debug|Win32
		{94BCAC99-2DD5-45B7-B43E-44CE0F107304}.Debug|Win32.Build.0 = Debug|Win32
		{94BCAC99-2DD5-45B7-B43E-44CE0F107304}.Debug|x64.ActiveCfg = Debug|x64
		{94BCAC99-2DD5-45B7-B43E-44CE0F107304}.Debug|x64.Build.0 = Debug|x64
		{94BCAC99-2DD5-45B7-B43E-44CE0F107304}.Release|ARM.ActiveCfg = Release|Win32
		{94BCAC99-2DD5-45B7-B43E-44CE0F107304}.Release|Mixed Platforms.ActiveCfg = Release|Win32
		{94BCAC99-2DD5-45B7-B43E-44CE0F107304}.Release|Mixed Platforms.Build.0 = Release|Win32
		{94BCAC99-2DD5-45B7-B43E-44CE0F107304}.Release|Win32.ActiveCfg = Release|Win32
		{94BCAC99-2DD5-45B7-B43E-44CE0F107304}.Release|Win32.Build.0 = Release|Win32
		{94BCAC99-2DD5-45B7-B43E-44CE0F107304}.Release|x64.ActiveCfg = Release|x64
		{94BCAC99-2DD5-45B7-B43E-44CE0F107304}.Release|x64.Build.0 = Release|x64
		{7D834085-7B3D-460D-B7AF-A894CFA8B17B}.Debug|ARM.ActiveCfg = Debug|ARM
		{7D834085-7B3D-460D-B7AF-A894CFA8B17B}.Debug|ARM.Build.0 = Debug|ARM
		{7D834085-7B3D-460D-B7AF-A894CFA8B17B}.Debug|Mixed Platforms.ActiveCfg = Debug|Win32
		{7D834085-7B3D-460D-B7AF-A894CFA8B17B}.Debug|Mixed Platforms.Build.0 = Debug|Win32
		{7D834085-7B3D-460D-B7AF-A894CFA8B17B}.Debug|Win32.ActiveCfg = Debug|Win32
		{7D834085-7B3D-460D-B7AF-A894CFA8B17B}.Debug|Win32.Build.0 = Debug|Win32
		{7D834085-7B3D-460D-B7AF-A894CFA8B17B}.Debug|x64.ActiveCfg = Debug|x64
		{7D834085-7B3D-460D-B7AF-A894CFA8B17B}.Debug|x64.Build.0 = Debug|x64
		{7D834085-7B3D-460D-B7AF-A894CFA8B17B}.Release|ARM.ActiveCfg = Release|ARM
		{7D834085-7B3D-460D-B7AF-A894CFA8B17B}.Release|ARM.Build.0 = Release|ARM
		{7D834085-7B3D-460D-B7AF-A894CFA8B17B}.Release|Mixed Platforms.ActiveCfg = Release|Win32
		{7D834085-7B3D-460D-B7AF-A894CFA8B17B}.Release|Mixed Platforms.Build.0 = Release|Win32
		{7D834085-7B3D-460D-B7AF-A894CFA8B17B}.Release|Win32.ActiveCfg = Release|Win32
		{7D834085-7B3D-460D-B7AF-A894CFA8B17B}.Release|Win32.Build.0 = Release|Win32
		{7D834085-7B3D-460D-B7AF-A894CFA8B17B}.Release|x64.ActiveCfg = Release|x64
		{7D834085-7B3D-460D-B7AF-A894CFA8B17B}.Release|x64.Build.0 = Release|x64
	EndGlobalSection
	GlobalSection(SolutionProperties) = preSolution
		HideSolutionNode = FALSE
	EndGlobalSection
EndGlobal
